// !$*UTF8*$!
{
	archiveVersion = 1;
	classes = {
	};
	objectVersion = 46;
	objects = {

/* Begin PBXBuildFile section */
		83B7147A1CFE1255009FDABB /* AppDelegate.swift in Sources */ = {isa = PBXBuildFile; fileRef = 83B714791CFE1255009FDABB /* AppDelegate.swift */; };
		83B7147C1CFE1255009FDABB /* ViewController.swift in Sources */ = {isa = PBXBuildFile; fileRef = 83B7147B1CFE1255009FDABB /* ViewController.swift */; };
		83B7147F1CFE1255009FDABB /* Main.storyboard in Resources */ = {isa = PBXBuildFile; fileRef = 83B7147D1CFE1255009FDABB /* Main.storyboard */; };
		83B714811CFE1255009FDABB /* Assets.xcassets in Resources */ = {isa = PBXBuildFile; fileRef = 83B714801CFE1255009FDABB /* Assets.xcassets */; };
		83B714841CFE1255009FDABB /* LaunchScreen.storyboard in Resources */ = {isa = PBXBuildFile; fileRef = 83B714821CFE1255009FDABB /* LaunchScreen.storyboard */; };
/* End PBXBuildFile section */

/* Begin PBXFileReference section */
		83B714761CFE1254009FDABB /* BBTestAppWeirdSchemes.app */ = {isa = PBXFileReference; explicitFileType = wrapper.application; includeInIndex = 0; path = BBTestAppWeirdSchemes.app; sourceTree = BUILT_PRODUCTS_DIR; };
		83B714791CFE1255009FDABB /* AppDelegate.swift */ = {isa = PBXFileReference; lastKnownFileType = sourcecode.swift; path = AppDelegate.swift; sourceTree = "<group>"; };
		83B7147B1CFE1255009FDABB /* ViewController.swift */ = {isa = PBXFileReference; lastKnownFileType = sourcecode.swift; path = ViewController.swift; sourceTree = "<group>"; };
		83B7147E1CFE1255009FDABB /* Base */ = {isa = PBXFileReference; lastKnownFileType = file.storyboard; name = Base; path = Base.lproj/Main.storyboard; sourceTree = "<group>"; };
		83B714801CFE1255009FDABB /* Assets.xcassets */ = {isa = PBXFileReference; lastKnownFileType = folder.assetcatalog; path = Assets.xcassets; sourceTree = "<group>"; };
		83B714831CFE1255009FDABB /* Base */ = {isa = PBXFileReference; lastKnownFileType = file.storyboard; name = Base; path = Base.lproj/LaunchScreen.storyboard; sourceTree = "<group>"; };
		83B714851CFE1255009FDABB /* Info.plist */ = {isa = PBXFileReference; lastKnownFileType = text.plist.xml; path = Info.plist; sourceTree = "<group>"; };
/* End PBXFileReference section */

/* Begin PBXFrameworksBuildPhase section */
		83B714731CFE1254009FDABB /* Frameworks */ = {
			isa = PBXFrameworksBuildPhase;
			buildActionMask = 2147483647;
			files = (
			);
			runOnlyForDeploymentPostprocessing = 0;
		};
/* End PBXFrameworksBuildPhase section */

/* Begin PBXGroup section */
		83B7146D1CFE1254009FDABB = {
			isa = PBXGroup;
			children = (
				83B714781CFE1255009FDABB /* BBTestAppWeirdSchemes */,
				83B714771CFE1254009FDABB /* Products */,
			);
			sourceTree = "<group>";
		};
		83B714771CFE1254009FDABB /* Products */ = {
			isa = PBXGroup;
			children = (
				83B714761CFE1254009FDABB /* BBTestAppWeirdSchemes.app */,
			);
			name = Products;
			sourceTree = "<group>";
		};
		83B714781CFE1255009FDABB /* BBTestAppWeirdSchemes */ = {
			isa = PBXGroup;
			children = (
				83B714791CFE1255009FDABB /* AppDelegate.swift */,
				83B7147B1CFE1255009FDABB /* ViewController.swift */,
				83B7147D1CFE1255009FDABB /* Main.storyboard */,
				83B714801CFE1255009FDABB /* Assets.xcassets */,
				83B714821CFE1255009FDABB /* LaunchScreen.storyboard */,
				83B714851CFE1255009FDABB /* Info.plist */,
			);
			path = BBTestAppWeirdSchemes;
			sourceTree = "<group>";
		};
/* End PBXGroup section */

/* Begin PBXNativeTarget section */
		83B714751CFE1254009FDABB /* BBTestAppWeirdSchemes */ = {
			isa = PBXNativeTarget;
			buildConfigurationList = 83B714881CFE1255009FDABB /* Build configuration list for PBXNativeTarget "BBTestAppWeirdSchemes" */;
			buildPhases = (
				83B714721CFE1254009FDABB /* Sources */,
				83B714731CFE1254009FDABB /* Frameworks */,
				83B714741CFE1254009FDABB /* Resources */,
			);
			buildRules = (
			);
			dependencies = (
			);
			name = BBTestAppWeirdSchemes;
			productName = BBTestAppWeirdSchemes;
			productReference = 83B714761CFE1254009FDABB /* BBTestAppWeirdSchemes.app */;
			productType = "com.apple.product-type.application";
		};
/* End PBXNativeTarget section */

/* Begin PBXProject section */
		83B7146E1CFE1254009FDABB /* Project object */ = {
			isa = PBXProject;
			attributes = {
				LastSwiftUpdateCheck = 0730;
				LastUpgradeCheck = 0730;
				ORGANIZATIONNAME = buddybuild;
				TargetAttributes = {
					83B714751CFE1254009FDABB = {
						CreatedOnToolsVersion = 7.3;
						DevelopmentTeam = L4FET847JL;
					};
				};
			};
			buildConfigurationList = 83B714711CFE1254009FDABB /* Build configuration list for PBXProject "BBTestAppWeirdSchemes" */;
			compatibilityVersion = "Xcode 3.2";
			developmentRegion = English;
			hasScannedForEncodings = 0;
			knownRegions = (
				en,
				Base,
			);
			mainGroup = 83B7146D1CFE1254009FDABB;
			productRefGroup = 83B714771CFE1254009FDABB /* Products */;
			projectDirPath = "";
			projectRoot = "";
			targets = (
				83B714751CFE1254009FDABB /* BBTestAppWeirdSchemes */,
			);
		};
/* End PBXProject section */

/* Begin PBXResourcesBuildPhase section */
		83B714741CFE1254009FDABB /* Resources */ = {
			isa = PBXResourcesBuildPhase;
			buildActionMask = 2147483647;
			files = (
				83B714841CFE1255009FDABB /* LaunchScreen.storyboard in Resources */,
				83B714811CFE1255009FDABB /* Assets.xcassets in Resources */,
				83B7147F1CFE1255009FDABB /* Main.storyboard in Resources */,
			);
			runOnlyForDeploymentPostprocessing = 0;
		};
/* End PBXResourcesBuildPhase section */

/* Begin PBXSourcesBuildPhase section */
		83B714721CFE1254009FDABB /* Sources */ = {
			isa = PBXSourcesBuildPhase;
			buildActionMask = 2147483647;
			files = (
				83B7147C1CFE1255009FDABB /* ViewController.swift in Sources */,
				83B7147A1CFE1255009FDABB /* AppDelegate.swift in Sources */,
			);
			runOnlyForDeploymentPostprocessing = 0;
		};
/* End PBXSourcesBuildPhase section */

/* Begin PBXVariantGroup section */
		83B7147D1CFE1255009FDABB /* Main.storyboard */ = {
			isa = PBXVariantGroup;
			children = (
				83B7147E1CFE1255009FDABB /* Base */,
			);
			name = Main.storyboard;
			sourceTree = "<group>";
		};
		83B714821CFE1255009FDABB /* LaunchScreen.storyboard */ = {
			isa = PBXVariantGroup;
			children = (
				83B714831CFE1255009FDABB /* Base */,
			);
			name = LaunchScreen.storyboard;
			sourceTree = "<group>";
		};
/* End PBXVariantGroup section */

/* Begin XCBuildConfiguration section */
		83B714861CFE1255009FDABB /* Debug */ = {
			isa = XCBuildConfiguration;
			buildSettings = {
				ALWAYS_SEARCH_USER_PATHS = NO;
				CLANG_ANALYZER_NONNULL = YES;
				CLANG_CXX_LANGUAGE_STANDARD = "gnu++0x";
				CLANG_CXX_LIBRARY = "libc++";
				CLANG_ENABLE_MODULES = YES;
				CLANG_ENABLE_OBJC_ARC = YES;
				CLANG_WARN_BOOL_CONVERSION = YES;
				CLANG_WARN_CONSTANT_CONVERSION = YES;
				CLANG_WARN_DIRECT_OBJC_ISA_USAGE = YES_ERROR;
				CLANG_WARN_EMPTY_BODY = YES;
				CLANG_WARN_ENUM_CONVERSION = YES;
				CLANG_WARN_INT_CONVERSION = YES;
				CLANG_WARN_OBJC_ROOT_CLASS = YES_ERROR;
				CLANG_WARN_UNREACHABLE_CODE = YES;
				CLANG_WARN__DUPLICATE_METHOD_MATCH = YES;
				"CODE_SIGN_IDENTITY[sdk=iphoneos*]" = "iPhone Developer";
				COPY_PHASE_STRIP = NO;
				DEBUG_INFORMATION_FORMAT = dwarf;
				ENABLE_STRICT_OBJC_MSGSEND = YES;
				ENABLE_TESTABILITY = YES;
				GCC_C_LANGUAGE_STANDARD = gnu99;
				GCC_DYNAMIC_NO_PIC = NO;
				GCC_NO_COMMON_BLOCKS = YES;
				GCC_OPTIMIZATION_LEVEL = 0;
				GCC_PREPROCESSOR_DEFINITIONS = (
					"DEBUG=1",
					"$(inherited)",
				);
				GCC_WARN_64_TO_32_BIT_CONVERSION = YES;
				GCC_WARN_ABOUT_RETURN_TYPE = YES_ERROR;
				GCC_WARN_UNDECLARED_SELECTOR = YES;
				GCC_WARN_UNINITIALIZED_AUTOS = YES_AGGRESSIVE;
				GCC_WARN_UNUSED_FUNCTION = YES;
				GCC_WARN_UNUSED_VARIABLE = YES;
				IPHONEOS_DEPLOYMENT_TARGET = 9.3;
				MTL_ENABLE_DEBUG_INFO = YES;
				ONLY_ACTIVE_ARCH = YES;
				SDKROOT = iphoneos;
				SWIFT_OPTIMIZATION_LEVEL = "-Onone";
				TARGETED_DEVICE_FAMILY = "1,2";
			};
			name = Debug;
		};
		83B714871CFE1255009FDABB /* Release */ = {
			isa = XCBuildConfiguration;
			buildSettings = {
				ALWAYS_SEARCH_USER_PATHS = NO;
				CLANG_ANALYZER_NONNULL = YES;
				CLANG_CXX_LANGUAGE_STANDARD = "gnu++0x";
				CLANG_CXX_LIBRARY = "libc++";
				CLANG_ENABLE_MODULES = YES;
				CLANG_ENABLE_OBJC_ARC = YES;
				CLANG_WARN_BOOL_CONVERSION = YES;
				CLANG_WARN_CONSTANT_CONVERSION = YES;
				CLANG_WARN_DIRECT_OBJC_ISA_USAGE = YES_ERROR;
				CLANG_WARN_EMPTY_BODY = YES;
				CLANG_WARN_ENUM_CONVERSION = YES;
				CLANG_WARN_INT_CONVERSION = YES;
				CLANG_WARN_OBJC_ROOT_CLASS = YES_ERROR;
				CLANG_WARN_UNREACHABLE_CODE = YES;
				CLANG_WARN__DUPLICATE_METHOD_MATCH = YES;
				"CODE_SIGN_IDENTITY[sdk=iphoneos*]" = "iPhone Developer";
				COPY_PHASE_STRIP = NO;
				DEBUG_INFORMATION_FORMAT = "dwarf-with-dsym";
				ENABLE_NS_ASSERTIONS = NO;
				ENABLE_STRICT_OBJC_MSGSEND = YES;
				GCC_C_LANGUAGE_STANDARD = gnu99;
				GCC_NO_COMMON_BLOCKS = YES;
				GCC_WARN_64_TO_32_BIT_CONVERSION = YES;
				GCC_WARN_ABOUT_RETURN_TYPE = YES_ERROR;
				GCC_WARN_UNDECLARED_SELECTOR = YES;
				GCC_WARN_UNINITIALIZED_AUTOS = YES_AGGRESSIVE;
				GCC_WARN_UNUSED_FUNCTION = YES;
				GCC_WARN_UNUSED_VARIABLE = YES;
				IPHONEOS_DEPLOYMENT_TARGET = 9.3;
				MTL_ENABLE_DEBUG_INFO = NO;
				SDKROOT = iphoneos;
				TARGETED_DEVICE_FAMILY = "1,2";
				VALIDATE_PRODUCT = YES;
			};
			name = Release;
		};
		83B714891CFE1255009FDABB /* Debug */ = {
			isa = XCBuildConfiguration;
			buildSettings = {
				ASSETCATALOG_COMPILER_APPICON_NAME = AppIcon;
				CODE_SIGN_IDENTITY = "iPhone Distribution";
				INFOPLIST_FILE = BBTestAppWeirdSchemes/Info.plist;
				LD_RUNPATH_SEARCH_PATHS = "$(inherited) @executable_path/Frameworks";
				PRODUCT_BUNDLE_IDENTIFIER = com.buddybuild.BBTestAppWeirdSchemes;
				PRODUCT_NAME = "$(TARGET_NAME)";
			};
			name = Debug;
		};
		83B7148A1CFE1255009FDABB /* Release */ = {
			isa = XCBuildConfiguration;
			buildSettings = {
				ASSETCATALOG_COMPILER_APPICON_NAME = AppIcon;
				CODE_SIGN_IDENTITY = "iPhone Distribution";
				INFOPLIST_FILE = BBTestAppWeirdSchemes/Info.plist;
				LD_RUNPATH_SEARCH_PATHS = "$(inherited) @executable_path/Frameworks";
				PRODUCT_BUNDLE_IDENTIFIER = com.buddybuild.BBTestAppWeirdSchemes;
				PRODUCT_NAME = "$(TARGET_NAME)";
			};
			name = Release;
		};
/* End XCBuildConfiguration section */

/* Begin XCConfigurationList section */
		83B714711CFE1254009FDABB /* Build configuration list for PBXProject "BBTestAppWeirdSchemes" */ = {
			isa = XCConfigurationList;
			buildConfigurations = (
				83B714861CFE1255009FDABB /* Debug */,
				83B714871CFE1255009FDABB /* Release */,
			);
			defaultConfigurationIsVisible = 0;
			defaultConfigurationName = Release;
		};
		83B714881CFE1255009FDABB /* Build configuration list for PBXNativeTarget "BBTestAppWeirdSchemes" */ = {
			isa = XCConfigurationList;
			buildConfigurations = (
				83B714891CFE1255009FDABB /* Debug */,
				83B7148A1CFE1255009FDABB /* Release */,
			);
			defaultConfigurationIsVisible = 0;
		};
/* End XCConfigurationList section */
	};
	rootObject = 83B7146E1CFE1254009FDABB /* Project object */;
}
